{
    "name": "build",
    "version": "0.0.1",
    "lockfileVersion": 2,
    "requires": true,
    "packages": {
        "": {
            "name": "build",
            "version": "0.0.1",
            "license": "MIT",
            "dependencies": {
                "marked": "^14.1.1",
                "marked-gfm-heading-id": "^4.1.0"
            }
        },
        "node_modules/github-slugger": {
            "version": "2.0.0",
            "resolved": "https://mirrors.cloud.tencent.com/npm/github-slugger/-/github-slugger-2.0.0.tgz",
            "integrity": "sha512-IaOQ9puYtjrkq7Y0Ygl9KDZnrf/aiUJYUpVf89y8kyaxbRG7Y1SrX/jaumrv81vc61+kiMempujsM3Yw7w5qcw=="
        },
        "node_modules/marked": {
            "version": "14.1.1",
            "resolved": "https://mirrors.cloud.tencent.com/npm/marked/-/marked-14.1.1.tgz",
            "integrity": "sha512-eS59oxof5eBVDCKTs+mJbvB/6Vq137GbimF9wkTIlto2/B2ppY5nigUUQgKVmA3bI2mPTIshUyDj5j612ZxlQQ==",
            "bin": {
                "marked": "bin/marked.js"
            },
            "engines": {
                "node": ">= 18"
            }
        },
        "node_modules/marked-gfm-heading-id": {
            "version": "4.1.0",
            "resolved": "https://mirrors.cloud.tencent.com/npm/marked-gfm-heading-id/-/marked-gfm-heading-id-4.1.0.tgz",
            "integrity": "sha512-xRvV65Fnpq1krNspnyGsBvP0Y6h7/FrJ6U6y4e6zCWffiC1KxFFxFUKVu8ufMHop2xdvpwyWj5jPeA5W5x/6Zw==",
            "dependencies": {
                "github-slugger": "^2.0.0"
            },
            "peerDependencies": {
                "marked": ">=13 <15"
            }
        }
    },
    "dependencies": {
        "github-slugger": {
            "version": "2.0.0",
            "resolved": "https://mirrors.cloud.tencent.com/npm/github-slugger/-/github-slugger-2.0.0.tgz",
            "integrity": "sha512-IaOQ9puYtjrkq7Y0Ygl9KDZnrf/aiUJYUpVf89y8kyaxbRG7Y1SrX/jaumrv81vc61+kiMempujsM3Yw7w5qcw=="
        },
        "marked": {
            "version": "14.1.1",
            "resolved": "https://mirrors.cloud.tencent.com/npm/marked/-/marked-14.1.1.tgz",
            "integrity": "sha512-eS59oxof5eBVDCKTs+mJbvB/6Vq137GbimF9wkTIlto2/B2ppY5nigUUQgKVmA3bI2mPTIshUyDj5j612ZxlQQ=="
        },
        "marked-gfm-heading-id": {
            "version": "4.1.0",
            "resolved": "https://mirrors.cloud.tencent.com/npm/marked-gfm-heading-id/-/marked-gfm-heading-id-4.1.0.tgz",
            "integrity": "sha512-xRvV65Fnpq1krNspnyGsBvP0Y6h7/FrJ6U6y4e6zCWffiC1KxFFxFUKVu8ufMHop2xdvpwyWj5jPeA5W5x/6Zw==",
            "requires": {
                "github-slugger": "^2.0.0"
            }
        }
    }
}
